
Microsoft Visual Studio Solution File, Format Version 12.00
# Visual Studio Version 16
VisualStudioVersion = 16.0.32106.194
MinimumVisualStudioVersion = 10.0.40219.1
Project("{D2ABAB84-BF74-430A-B69E-9DC6D40DDA17}") = "DataMining", "DataMining.dwproj", "{B4D30C2A-E700-4EAF-BE27-DFE54D6F5AEC}"
EndProject
Global
	GlobalSection(SolutionConfigurationPlatforms) = preSolution
		Development|Default = Development|Default
	EndGlobalSection
	GlobalSection(ProjectConfigurationPlatforms) = postSolution
		{B4D30C2A-E700-4EAF-BE27-DFE54D6F5AEC}.Development|Default.ActiveCfg = Development
		{B4D30C2A-E700-4EAF-BE27-DFE54D6F5AEC}.Development|Default.Build.0 = Development
		{B4D30C2A-E700-4EAF-BE27-DFE54D6F5AEC}.Development|Default.Deploy.0 = Development
	EndGlobalSection
	GlobalSection(SolutionProperties) = preSolution
		HideSolutionNode = FALSE
	EndGlobalSection
	GlobalSection(ExtensibilityGlobals) = postSolution
		SolutionGuid = {66D18F28-870A-4607-A9B8-8F6114471A1B}
	EndGlobalSection
EndGlobal
